// !$*UTF8*$!
{
	archiveVersion = 1;
	classes = {
	};
	objectVersion = 46;
	objects = {

/* Begin PBXBuildFile section */
		20BF75031DCF02860074D394 /* main.m in Sources */ = {isa = PBXBuildFile; fileRef = 20BF75021DCF02860074D394 /* main.m */; };
		20BF75061DCF02860074D394 /* AppDelegate.m in Sources */ = {isa = PBXBuildFile; fileRef = 20BF75051DCF02860074D394 /* AppDelegate.m */; };
		20BF75091DCF02860074D394 /* ViewController.m in Sources */ = {isa = PBXBuildFile; fileRef = 20BF75081DCF02860074D394 /* ViewController.m */; };
		20BF750C1DCF02860074D394 /* Main.storyboard in Resources */ = {isa = PBXBuildFile; fileRef = 20BF750A1DCF02860074D394 /* Main.storyboard */; };
		20BF750E1DCF02860074D394 /* Assets.xcassets in Resources */ = {isa = PBXBuildFile; fileRef = 20BF750D1DCF02860074D394 /* Assets.xcassets */; };
		20BF75111DCF02860074D394 /* LaunchScreen.storyboard in Resources */ = {isa = PBXBuildFile; fileRef = 20BF750F1DCF02860074D394 /* LaunchScreen.storyboard */; };
		20BF75261DCF029B0074D394 /* AFHTTPSessionManager.m in Sources */ = {isa = PBXBuildFile; fileRef = 20BF751A1DCF029A0074D394 /* AFHTTPSessionManager.m */; };
		20BF75271DCF029B0074D394 /* AFNetworkReachabilityManager.m in Sources */ = {isa = PBXBuildFile; fileRef = 20BF751D1DCF029B0074D394 /* AFNetworkReachabilityManager.m */; };
		20BF75281DCF029B0074D394 /* AFSecurityPolicy.m in Sources */ = {isa = PBXBuildFile; fileRef = 20BF751F1DCF029B0074D394 /* AFSecurityPolicy.m */; };
		20BF75291DCF029B0074D394 /* AFURLRequestSerialization.m in Sources */ = {isa = PBXBuildFile; fileRef = 20BF75211DCF029B0074D394 /* AFURLRequestSerialization.m */; };
		20BF752A1DCF029B0074D394 /* AFURLResponseSerialization.m in Sources */ = {isa = PBXBuildFile; fileRef = 20BF75231DCF029B0074D394 /* AFURLResponseSerialization.m */; };
		20BF752B1DCF029B0074D394 /* AFURLSessionManager.m in Sources */ = {isa = PBXBuildFile; fileRef = 20BF75251DCF029B0074D394 /* AFURLSessionManager.m */; };
		20BF754E1DCF02AF0074D394 /* MKAnnotationView+WebCache.m in Sources */ = {isa = PBXBuildFile; fileRef = 20BF752E1DCF02AF0074D394 /* MKAnnotationView+WebCache.m */; };
		20BF754F1DCF02AF0074D394 /* NSData+ImageContentType.m in Sources */ = {isa = PBXBuildFile; fileRef = 20BF75301DCF02AF0074D394 /* NSData+ImageContentType.m */; };
		20BF75501DCF02AF0074D394 /* SDImageCache.m in Sources */ = {isa = PBXBuildFile; fileRef = 20BF75321DCF02AF0074D394 /* SDImageCache.m */; };
		20BF75511DCF02AF0074D394 /* SDWebImageCompat.m in Sources */ = {isa = PBXBuildFile; fileRef = 20BF75341DCF02AF0074D394 /* SDWebImageCompat.m */; };
		20BF75521DCF02AF0074D394 /* SDWebImageDecoder.m in Sources */ = {isa = PBXBuildFile; fileRef = 20BF75361DCF02AF0074D394 /* SDWebImageDecoder.m */; };
		20BF75531DCF02AF0074D394 /* SDWebImageDownloader.m in Sources */ = {isa = PBXBuildFile; fileRef = 20BF75381DCF02AF0074D394 /* SDWebImageDownloader.m */; };
		20BF75541DCF02AF0074D394 /* SDWebImageDownloaderOperation.m in Sources */ = {isa = PBXBuildFile; fileRef = 20BF753A1DCF02AF0074D394 /* SDWebImageDownloaderOperation.m */; };
		20BF75551DCF02AF0074D394 /* SDWebImageManager.m in Sources */ = {isa = PBXBuildFile; fileRef = 20BF753C1DCF02AF0074D394 /* SDWebImageManager.m */; };
		20BF75561DCF02AF0074D394 /* SDWebImagePrefetcher.m in Sources */ = {isa = PBXBuildFile; fileRef = 20BF753F1DCF02AF0074D394 /* SDWebImagePrefetcher.m */; };
		20BF75571DCF02AF0074D394 /* UIButton+WebCache.m in Sources */ = {isa = PBXBuildFile; fileRef = 20BF75411DCF02AF0074D394 /* UIButton+WebCache.m */; };
		20BF75581DCF02AF0074D394 /* UIImage+GIF.m in Sources */ = {isa = PBXBuildFile; fileRef = 20BF75431DCF02AF0074D394 /* UIImage+GIF.m */; };
		20BF75591DCF02AF0074D394 /* UIImage+MultiFormat.m in Sources */ = {isa = PBXBuildFile; fileRef = 20BF75451DCF02AF0074D394 /* UIImage+MultiFormat.m */; };
		20BF755A1DCF02AF0074D394 /* UIImage+WebP.m in Sources */ = {isa = PBXBuildFile; fileRef = 20BF75471DCF02AF0074D394 /* UIImage+WebP.m */; };
		20BF755B1DCF02AF0074D394 /* UIImageView+HighlightedWebCache.m in Sources */ = {isa = PBXBuildFile; fileRef = 20BF75491DCF02AF0074D394 /* UIImageView+HighlightedWebCache.m */; };
		20BF755C1DCF02AF0074D394 /* UIImageView+WebCache.m in Sources */ = {isa = PBXBuildFile; fileRef = 20BF754B1DCF02AF0074D394 /* UIImageView+WebCache.m */; };
		20BF755D1DCF02AF0074D394 /* UIView+WebCacheOperation.m in Sources */ = {isa = PBXBuildFile; fileRef = 20BF754D1DCF02AF0074D394 /* UIView+WebCacheOperation.m */; };
		20BF75641DCF042B0074D394 /* NSObject+YYModel.m in Sources */ = {isa = PBXBuildFile; fileRef = 20BF75601DCF042B0074D394 /* NSObject+YYModel.m */; };
		20BF75651DCF042B0074D394 /* YYClassInfo.m in Sources */ = {isa = PBXBuildFile; fileRef = 20BF75621DCF042B0074D394 /* YYClassInfo.m */; };
		20BF75681DCF04560074D394 /* APPModel.m in Sources */ = {isa = PBXBuildFile; fileRef = 20BF75671DCF04560074D394 /* APPModel.m */; };
/* End PBXBuildFile section */

/* Begin PBXFileReference section */
		20BF74FE1DCF02860074D394 /* SD异步下载图片.app */ = {isa = PBXFileReference; explicitFileType = wrapper.application; includeInIndex = 0; path = "SD异步下载图片.app"; sourceTree = BUILT_PRODUCTS_DIR; };
		20BF75021DCF02860074D394 /* main.m */ = {isa = PBXFileReference; lastKnownFileType = sourcecode.c.objc; path = main.m; sourceTree = "<group>"; };
		20BF75041DCF02860074D394 /* AppDelegate.h */ = {isa = PBXFileReference; lastKnownFileType = sourcecode.c.h; path = AppDelegate.h; sourceTree = "<group>"; };
		20BF75051DCF02860074D394 /* AppDelegate.m */ = {isa = PBXFileReference; lastKnownFileType = sourcecode.c.objc; path = AppDelegate.m; sourceTree = "<group>"; };
		20BF75071DCF02860074D394 /* ViewController.h */ = {isa = PBXFileReference; lastKnownFileType = sourcecode.c.h; path = ViewController.h; sourceTree = "<group>"; };
		20BF75081DCF02860074D394 /* ViewController.m */ = {isa = PBXFileReference; lastKnownFileType = sourcecode.c.objc; path = ViewController.m; sourceTree = "<group>"; };
		20BF750B1DCF02860074D394 /* Base */ = {isa = PBXFileReference; lastKnownFileType = file.storyboard; name = Base; path = Base.lproj/Main.storyboard; sourceTree = "<group>"; };
		20BF750D1DCF02860074D394 /* Assets.xcassets */ = {isa = PBXFileReference; lastKnownFileType = folder.assetcatalog; path = Assets.xcassets; sourceTree = "<group>"; };
		20BF75101DCF02860074D394 /* Base */ = {isa = PBXFileReference; lastKnownFileType = file.storyboard; name = Base; path = Base.lproj/LaunchScreen.storyboard; sourceTree = "<group>"; };
		20BF75121DCF02860074D394 /* Info.plist */ = {isa = PBXFileReference; lastKnownFileType = text.plist.xml; path = Info.plist; sourceTree = "<group>"; };
		20BF75191DCF029A0074D394 /* AFHTTPSessionManager.h */ = {isa = PBXFileReference; fileEncoding = 4; lastKnownFileType = sourcecode.c.h; path = AFHTTPSessionManager.h; sourceTree = "<group>"; };
		20BF751A1DCF029A0074D394 /* AFHTTPSessionManager.m */ = {isa = PBXFileReference; fileEncoding = 4; lastKnownFileType = sourcecode.c.objc; path = AFHTTPSessionManager.m; sourceTree = "<group>"; };
		20BF751B1DCF029A0074D394 /* AFNetworking.h */ = {isa = PBXFileReference; fileEncoding = 4; lastKnownFileType = sourcecode.c.h; path = AFNetworking.h; sourceTree = "<group>"; };
		20BF751C1DCF029B0074D394 /* AFNetworkReachabilityManager.h */ = {isa = PBXFileReference; fileEncoding = 4; lastKnownFileType = sourcecode.c.h; path = AFNetworkReachabilityManager.h; sourceTree = "<group>"; };
		20BF751D1DCF029B0074D394 /* AFNetworkReachabilityManager.m */ = {isa = PBXFileReference; fileEncoding = 4; lastKnownFileType = sourcecode.c.objc; path = AFNetworkReachabilityManager.m; sourceTree = "<group>"; };
		20BF751E1DCF029B0074D394 /* AFSecurityPolicy.h */ = {isa = PBXFileReference; fileEncoding = 4; lastKnownFileType = sourcecode.c.h; path = AFSecurityPolicy.h; sourceTree = "<group>"; };
		20BF751F1DCF029B0074D394 /* AFSecurityPolicy.m */ = {isa = PBXFileReference; fileEncoding = 4; lastKnownFileType = sourcecode.c.objc; path = AFSecurityPolicy.m; sourceTree = "<group>"; };
		20BF75201DCF029B0074D394 /* AFURLRequestSerialization.h */ = {isa = PBXFileReference; fileEncoding = 4; lastKnownFileType = sourcecode.c.h; path = AFURLRequestSerialization.h; sourceTree = "<group>"; };
		20BF75211DCF029B0074D394 /* AFURLRequestSerialization.m */ = {isa = PBXFileReference; fileEncoding = 4; lastKnownFileType = sourcecode.c.objc; path = AFURLRequestSerialization.m; sourceTree = "<group>"; };
		20BF75221DCF029B0074D394 /* AFURLResponseSerialization.h */ = {isa = PBXFileReference; fileEncoding = 4; lastKnownFileType = sourcecode.c.h; path = AFURLResponseSerialization.h; sourceTree = "<group>"; };
		20BF75231DCF029B0074D394 /* AFURLResponseSerialization.m */ = {isa = PBXFileReference; fileEncoding = 4; lastKnownFileType = sourcecode.c.objc; path = AFURLResponseSerialization.m; sourceTree = "<group>"; };
		20BF75241DCF029B0074D394 /* AFURLSessionManager.h */ = {isa = PBXFileReference; fileEncoding = 4; lastKnownFileType = sourcecode.c.h; path = AFURLSessionManager.h; sourceTree = "<group>"; };
		20BF75251DCF029B0074D394 /* AFURLSessionManager.m */ = {isa = PBXFileReference; fileEncoding = 4; lastKnownFileType = sourcecode.c.objc; path = AFURLSessionManager.m; sourceTree = "<group>"; };
		20BF752D1DCF02AF0074D394 /* MKAnnotationView+WebCache.h */ = {isa = PBXFileReference; fileEncoding = 4; lastKnownFileType = sourcecode.c.h; path = "MKAnnotationView+WebCache.h"; sourceTree = "<group>"; };
		20BF752E1DCF02AF0074D394 /* MKAnnotationView+WebCache.m */ = {isa = PBXFileReference; fileEncoding = 4; lastKnownFileType = sourcecode.c.objc; path = "MKAnnotationView+WebCache.m"; sourceTree = "<group>"; };
		20BF752F1DCF02AF0074D394 /* NSData+ImageContentType.h */ = {isa = PBXFileReference; fileEncoding = 4; lastKnownFileType = sourcecode.c.h; path = "NSData+ImageContentType.h"; sourceTree = "<group>"; };
		20BF75301DCF02AF0074D394 /* NSData+ImageContentType.m */ = {isa = PBXFileReference; fileEncoding = 4; lastKnownFileType = sourcecode.c.objc; path = "NSData+ImageContentType.m"; sourceTree = "<group>"; };
		20BF75311DCF02AF0074D394 /* SDImageCache.h */ = {isa = PBXFileReference; fileEncoding = 4; lastKnownFileType = sourcecode.c.h; path = SDImageCache.h; sourceTree = "<group>"; };
		20BF75321DCF02AF0074D394 /* SDImageCache.m */ = {isa = PBXFileReference; fileEncoding = 4; lastKnownFileType = sourcecode.c.objc; path = SDImageCache.m; sourceTree = "<group>"; };
		20BF75331DCF02AF0074D394 /* SDWebImageCompat.h */ = {isa = PBXFileReference; fileEncoding = 4; lastKnownFileType = sourcecode.c.h; path = SDWebImageCompat.h; sourceTree = "<group>"; };
		20BF75341DCF02AF0074D394 /* SDWebImageCompat.m */ = {isa = PBXFileReference; fileEncoding = 4; lastKnownFileType = sourcecode.c.objc; path = SDWebImageCompat.m; sourceTree = "<group>"; };
		20BF75351DCF02AF0074D394 /* SDWebImageDecoder.h */ = {isa = PBXFileReference; fileEncoding = 4; lastKnownFileType = sourcecode.c.h; path = SDWebImageDecoder.h; sourceTree = "<group>"; };
		20BF75361DCF02AF0074D394 /* SDWebImageDecoder.m */ = {isa = PBXFileReference; fileEncoding = 4; lastKnownFileType = sourcecode.c.objc; path = SDWebImageDecoder.m; sourceTree = "<group>"; };
		20BF75371DCF02AF0074D394 /* SDWebImageDownloader.h */ = {isa = PBXFileReference; fileEncoding = 4; lastKnownFileType = sourcecode.c.h; path = SDWebImageDownloader.h; sourceTree = "<group>"; };
		20BF75381DCF02AF0074D394 /* SDWebImageDownloader.m */ = {isa = PBXFileReference; fileEncoding = 4; lastKnownFileType = sourcecode.c.objc; path = SDWebImageDownloader.m; sourceTree = "<group>"; };
		20BF75391DCF02AF0074D394 /* SDWebImageDownloaderOperation.h */ = {isa = PBXFileReference; fileEncoding = 4; lastKnownFileType = sourcecode.c.h; path = SDWebImageDownloaderOperation.h; sourceTree = "<group>"; };
		20BF753A1DCF02AF0074D394 /* SDWebImageDownloaderOperation.m */ = {isa = PBXFileReference; fileEncoding = 4; lastKnownFileType = sourcecode.c.objc; path = SDWebImageDownloaderOperation.m; sourceTree = "<group>"; };
		20BF753B1DCF02AF0074D394 /* SDWebImageManager.h */ = {isa = PBXFileReference; fileEncoding = 4; lastKnownFileType = sourcecode.c.h; path = SDWebImageManager.h; sourceTree = "<group>"; };
		20BF753C1DCF02AF0074D394 /* SDWebImageManager.m */ = {isa = PBXFileReference; fileEncoding = 4; lastKnownFileType = sourcecode.c.objc; path = SDWebImageManager.m; sourceTree = "<group>"; };
		20BF753D1DCF02AF0074D394 /* SDWebImageOperation.h */ = {isa = PBXFileReference; fileEncoding = 4; lastKnownFileType = sourcecode.c.h; path = SDWebImageOperation.h; sourceTree = "<group>"; };
		20BF753E1DCF02AF0074D394 /* SDWebImagePrefetcher.h */ = {isa = PBXFileReference; fileEncoding = 4; lastKnownFileType = sourcecode.c.h; path = SDWebImagePrefetcher.h; sourceTree = "<group>"; };
		20BF753F1DCF02AF0074D394 /* SDWebImagePrefetcher.m */ = {isa = PBXFileReference; fileEncoding = 4; lastKnownFileType = sourcecode.c.objc; path = SDWebImagePrefetcher.m; sourceTree = "<group>"; };
		20BF75401DCF02AF0074D394 /* UIButton+WebCache.h */ = {isa = PBXFileReference; fileEncoding = 4; lastKnownFileType = sourcecode.c.h; path = "UIButton+WebCache.h"; sourceTree = "<group>"; };
		20BF75411DCF02AF0074D394 /* UIButton+WebCache.m */ = {isa = PBXFileReference; fileEncoding = 4; lastKnownFileType = sourcecode.c.objc; path = "UIButton+WebCache.m"; sourceTree = "<group>"; };
		20BF75421DCF02AF0074D394 /* UIImage+GIF.h */ = {isa = PBXFileReference; fileEncoding = 4; lastKnownFileType = sourcecode.c.h; path = "UIImage+GIF.h"; sourceTree = "<group>"; };
		20BF75431DCF02AF0074D394 /* UIImage+GIF.m */ = {isa = PBXFileReference; fileEncoding = 4; lastKnownFileType = sourcecode.c.objc; path = "UIImage+GIF.m"; sourceTree = "<group>"; };
		20BF75441DCF02AF0074D394 /* UIImage+MultiFormat.h */ = {isa = PBXFileReference; fileEncoding = 4; lastKnownFileType = sourcecode.c.h; path = "UIImage+MultiFormat.h"; sourceTree = "<group>"; };
		20BF75451DCF02AF0074D394 /* UIImage+MultiFormat.m */ = {isa = PBXFileReference; fileEncoding = 4; lastKnownFileType = sourcecode.c.objc; path = "UIImage+MultiFormat.m"; sourceTree = "<group>"; };
		20BF75461DCF02AF0074D394 /* UIImage+WebP.h */ = {isa = PBXFileReference; fileEncoding = 4; lastKnownFileType = sourcecode.c.h; path = "UIImage+WebP.h"; sourceTree = "<group>"; };
		20BF75471DCF02AF0074D394 /* UIImage+WebP.m */ = {isa = PBXFileReference; fileEncoding = 4; lastKnownFileType = sourcecode.c.objc; path = "UIImage+WebP.m"; sourceTree = "<group>"; };
		20BF75481DCF02AF0074D394 /* UIImageView+HighlightedWebCache.h */ = {isa = PBXFileReference; fileEncoding = 4; lastKnownFileType = sourcecode.c.h; path = "UIImageView+HighlightedWebCache.h"; sourceTree = "<group>"; };
		20BF75491DCF02AF0074D394 /* UIImageView+HighlightedWebCache.m */ = {isa = PBXFileReference; fileEncoding = 4; lastKnownFileType = sourcecode.c.objc; path = "UIImageView+HighlightedWebCache.m"; sourceTree = "<group>"; };
		20BF754A1DCF02AF0074D394 /* UIImageView+WebCache.h */ = {isa = PBXFileReference; fileEncoding = 4; lastKnownFileType = sourcecode.c.h; path = "UIImageView+WebCache.h"; sourceTree = "<group>"; };
		20BF754B1DCF02AF0074D394 /* UIImageView+WebCache.m */ = {isa = PBXFileReference; fileEncoding = 4; lastKnownFileType = sourcecode.c.objc; path = "UIImageView+WebCache.m"; sourceTree = "<group>"; };
		20BF754C1DCF02AF0074D394 /* UIView+WebCacheOperation.h */ = {isa = PBXFileReference; fileEncoding = 4; lastKnownFileType = sourcecode.c.h; path = "UIView+WebCacheOperation.h"; sourceTree = "<group>"; };
		20BF754D1DCF02AF0074D394 /* UIView+WebCacheOperation.m */ = {isa = PBXFileReference; fileEncoding = 4; lastKnownFileType = sourcecode.c.objc; path = "UIView+WebCacheOperation.m"; sourceTree = "<group>"; };
		20BF755F1DCF042B0074D394 /* NSObject+YYModel.h */ = {isa = PBXFileReference; fileEncoding = 4; lastKnownFileType = sourcecode.c.h; path = "NSObject+YYModel.h"; sourceTree = "<group>"; };
		20BF75601DCF042B0074D394 /* NSObject+YYModel.m */ = {isa = PBXFileReference; fileEncoding = 4; lastKnownFileType = sourcecode.c.objc; path = "NSObject+YYModel.m"; sourceTree = "<group>"; };
		20BF75611DCF042B0074D394 /* YYClassInfo.h */ = {isa = PBXFileReference; fileEncoding = 4; lastKnownFileType = sourcecode.c.h; path = YYClassInfo.h; sourceTree = "<group>"; };
		20BF75621DCF042B0074D394 /* YYClassInfo.m */ = {isa = PBXFileReference; fileEncoding = 4; lastKnownFileType = sourcecode.c.objc; path = YYClassInfo.m; sourceTree = "<group>"; };
		20BF75631DCF042B0074D394 /* YYModel.h */ = {isa = PBXFileReference; fileEncoding = 4; lastKnownFileType = sourcecode.c.h; path = YYModel.h; sourceTree = "<group>"; };
		20BF75661DCF04560074D394 /* APPModel.h */ = {isa = PBXFileReference; fileEncoding = 4; lastKnownFileType = sourcecode.c.h; path = APPModel.h; sourceTree = "<group>"; };
		20BF75671DCF04560074D394 /* APPModel.m */ = {isa = PBXFileReference; fileEncoding = 4; lastKnownFileType = sourcecode.c.objc; path = APPModel.m; sourceTree = "<group>"; };
/* End PBXFileReference section */

/* Begin PBXFrameworksBuildPhase section */
		20BF74FB1DCF02860074D394 /* Frameworks */ = {
			isa = PBXFrameworksBuildPhase;
			buildActionMask = 2147483647;
			files = (
			);
			runOnlyForDeploymentPostprocessing = 0;
		};
/* End PBXFrameworksBuildPhase section */

/* Begin PBXGroup section */
		20BF74F51DCF02860074D394 = {
			isa = PBXGroup;
			children = (
				20BF75001DCF02860074D394 /* SD异步下载图片 */,
				20BF74FF1DCF02860074D394 /* Products */,
			);
			sourceTree = "<group>";
		};
		20BF74FF1DCF02860074D394 /* Products */ = {
			isa = PBXGroup;
			children = (
				20BF74FE1DCF02860074D394 /* SD异步下载图片.app */,
			);
			name = Products;
			sourceTree = "<group>";
		};
		20BF75001DCF02860074D394 /* SD异步下载图片 */ = {
			isa = PBXGroup;
			children = (
				20BF755E1DCF042B0074D394 /* YYModel */,
				20BF752C1DCF02AF0074D394 /* SDWebImage */,
				20BF75181DCF029A0074D394 /* AFNetworking */,
				20BF75041DCF02860074D394 /* AppDelegate.h */,
				20BF75051DCF02860074D394 /* AppDelegate.m */,
				20BF75071DCF02860074D394 /* ViewController.h */,
				20BF75081DCF02860074D394 /* ViewController.m */,
				20BF75661DCF04560074D394 /* APPModel.h */,
				20BF75671DCF04560074D394 /* APPModel.m */,
				20BF750A1DCF02860074D394 /* Main.storyboard */,
				20BF750D1DCF02860074D394 /* Assets.xcassets */,
				20BF750F1DCF02860074D394 /* LaunchScreen.storyboard */,
				20BF75121DCF02860074D394 /* Info.plist */,
				20BF75011DCF02860074D394 /* Supporting Files */,
			);
			path = "SD异步下载图片";
			sourceTree = "<group>";
		};
		20BF75011DCF02860074D394 /* Supporting Files */ = {
			isa = PBXGroup;
			children = (
				20BF75021DCF02860074D394 /* main.m */,
			);
			name = "Supporting Files";
			sourceTree = "<group>";
		};
		20BF75181DCF029A0074D394 /* AFNetworking */ = {
			isa = PBXGroup;
			children = (
				20BF75191DCF029A0074D394 /* AFHTTPSessionManager.h */,
				20BF751A1DCF029A0074D394 /* AFHTTPSessionManager.m */,
				20BF751B1DCF029A0074D394 /* AFNetworking.h */,
				20BF751C1DCF029B0074D394 /* AFNetworkReachabilityManager.h */,
				20BF751D1DCF029B0074D394 /* AFNetworkReachabilityManager.m */,
				20BF751E1DCF029B0074D394 /* AFSecurityPolicy.h */,
				20BF751F1DCF029B0074D394 /* AFSecurityPolicy.m */,
				20BF75201DCF029B0074D394 /* AFURLRequestSerialization.h */,
				20BF75211DCF029B0074D394 /* AFURLRequestSerialization.m */,
				20BF75221DCF029B0074D394 /* AFURLResponseSerialization.h */,
				20BF75231DCF029B0074D394 /* AFURLResponseSerialization.m */,
				20BF75241DCF029B0074D394 /* AFURLSessionManager.h */,
				20BF75251DCF029B0074D394 /* AFURLSessionManager.m */,
			);
			path = AFNetworking;
			sourceTree = "<group>";
		};
		20BF752C1DCF02AF0074D394 /* SDWebImage */ = {
			isa = PBXGroup;
			children = (
				20BF752D1DCF02AF0074D394 /* MKAnnotationView+WebCache.h */,
				20BF752E1DCF02AF0074D394 /* MKAnnotationView+WebCache.m */,
				20BF752F1DCF02AF0074D394 /* NSData+ImageContentType.h */,
				20BF75301DCF02AF0074D394 /* NSData+ImageContentType.m */,
				20BF75311DCF02AF0074D394 /* SDImageCache.h */,
				20BF75321DCF02AF0074D394 /* SDImageCache.m */,
				20BF75331DCF02AF0074D394 /* SDWebImageCompat.h */,
				20BF75341DCF02AF0074D394 /* SDWebImageCompat.m */,
				20BF75351DCF02AF0074D394 /* SDWebImageDecoder.h */,
				20BF75361DCF02AF0074D394 /* SDWebImageDecoder.m */,
				20BF75371DCF02AF0074D394 /* SDWebImageDownloader.h */,
				20BF75381DCF02AF0074D394 /* SDWebImageDownloader.m */,
				20BF75391DCF02AF0074D394 /* SDWebImageDownloaderOperation.h */,
				20BF753A1DCF02AF0074D394 /* SDWebImageDownloaderOperation.m */,
				20BF753B1DCF02AF0074D394 /* SDWebImageManager.h */,
				20BF753C1DCF02AF0074D394 /* SDWebImageManager.m */,
				20BF753D1DCF02AF0074D394 /* SDWebImageOperation.h */,
				20BF753E1DCF02AF0074D394 /* SDWebImagePrefetcher.h */,
				20BF753F1DCF02AF0074D394 /* SDWebImagePrefetcher.m */,
				20BF75401DCF02AF0074D394 /* UIButton+WebCache.h */,
				20BF75411DCF02AF0074D394 /* UIButton+WebCache.m */,
				20BF75421DCF02AF0074D394 /* UIImage+GIF.h */,
				20BF75431DCF02AF0074D394 /* UIImage+GIF.m */,
				20BF75441DCF02AF0074D394 /* UIImage+MultiFormat.h */,
				20BF75451DCF02AF0074D394 /* UIImage+MultiFormat.m */,
				20BF75461DCF02AF0074D394 /* UIImage+WebP.h */,
				20BF75471DCF02AF0074D394 /* UIImage+WebP.m */,
				20BF75481DCF02AF0074D394 /* UIImageView+HighlightedWebCache.h */,
				20BF75491DCF02AF0074D394 /* UIImageView+HighlightedWebCache.m */,
				20BF754A1DCF02AF0074D394 /* UIImageView+WebCache.h */,
				20BF754B1DCF02AF0074D394 /* UIImageView+WebCache.m */,
				20BF754C1DCF02AF0074D394 /* UIView+WebCacheOperation.h */,
				20BF754D1DCF02AF0074D394 /* UIView+WebCacheOperation.m */,
			);
			path = SDWebImage;
			sourceTree = "<group>";
		};
		20BF755E1DCF042B0074D394 /* YYModel */ = {
			isa = PBXGroup;
			children = (
				20BF755F1DCF042B0074D394 /* NSObject+YYModel.h */,
				20BF75601DCF042B0074D394 /* NSObject+YYModel.m */,
				20BF75611DCF042B0074D394 /* YYClassInfo.h */,
				20BF75621DCF042B0074D394 /* YYClassInfo.m */,
				20BF75631DCF042B0074D394 /* YYModel.h */,
			);
			path = YYModel;
			sourceTree = "<group>";
		};
/* End PBXGroup section */

/* Begin PBXNativeTarget section */
		20BF74FD1DCF02860074D394 /* SD异步下载图片 */ = {
			isa = PBXNativeTarget;
			buildConfigurationList = 20BF75151DCF02860074D394 /* Build configuration list for PBXNativeTarget "SD异步下载图片" */;
			buildPhases = (
				20BF74FA1DCF02860074D394 /* Sources */,
				20BF74FB1DCF02860074D394 /* Frameworks */,
				20BF74FC1DCF02860074D394 /* Resources */,
			);
			buildRules = (
			);
			dependencies = (
			);
			name = "SD异步下载图片";
			productName = "SD异步下载图片";
			productReference = 20BF74FE1DCF02860074D394 /* SD异步下载图片.app */;
			productType = "com.apple.product-type.application";
		};
/* End PBXNativeTarget section */

/* Begin PBXProject section */
		20BF74F61DCF02860074D394 /* Project object */ = {
			isa = PBXProject;
			attributes = {
				LastUpgradeCheck = 0800;
				ORGANIZATIONNAME = FCC;
				TargetAttributes = {
					20BF74FD1DCF02860074D394 = {
						CreatedOnToolsVersion = 8.0;
						ProvisioningStyle = Automatic;
					};
				};
			};
			buildConfigurationList = 20BF74F91DCF02860074D394 /* Build configuration list for PBXProject "SD异步下载图片" */;
			compatibilityVersion = "Xcode 3.2";
			developmentRegion = English;
			hasScannedForEncodings = 0;
			knownRegions = (
				en,
				Base,
			);
			mainGroup = 20BF74F51DCF02860074D394;
			productRefGroup = 20BF74FF1DCF02860074D394 /* Products */;
			projectDirPath = "";
			projectRoot = "";
			targets = (
				20BF74FD1DCF02860074D394 /* SD异步下载图片 */,
			);
		};
/* End PBXProject section */

/* Begin PBXResourcesBuildPhase section */
		20BF74FC1DCF02860074D394 /* Resources */ = {
			isa = PBXResourcesBuildPhase;
			buildActionMask = 2147483647;
			files = (
				20BF75111DCF02860074D394 /* LaunchScreen.storyboard in Resources */,
				20BF750E1DCF02860074D394 /* Assets.xcassets in Resources */,
				20BF750C1DCF02860074D394 /* Main.storyboard in Resources */,
			);
			runOnlyForDeploymentPostprocessing = 0;
		};
/* End PBXResourcesBuildPhase section */

/* Begin PBXSourcesBuildPhase section */
		20BF74FA1DCF02860074D394 /* Sources */ = {
			isa = PBXSourcesBuildPhase;
			buildActionMask = 2147483647;
			files = (
				20BF755B1DCF02AF0074D394 /* UIImageView+HighlightedWebCache.m in Sources */,
				20BF75521DCF02AF0074D394 /* SDWebImageDecoder.m in Sources */,
				20BF755C1DCF02AF0074D394 /* UIImageView+WebCache.m in Sources */,
				20BF752B1DCF029B0074D394 /* AFURLSessionManager.m in Sources */,
				20BF75541DCF02AF0074D394 /* SDWebImageDownloaderOperation.m in Sources */,
				20BF75551DCF02AF0074D394 /* SDWebImageManager.m in Sources */,
				20BF75091DCF02860074D394 /* ViewController.m in Sources */,
				20BF75681DCF04560074D394 /* APPModel.m in Sources */,
				20BF75061DCF02860074D394 /* AppDelegate.m in Sources */,
				20BF75531DCF02AF0074D394 /* SDWebImageDownloader.m in Sources */,
				20BF754E1DCF02AF0074D394 /* MKAnnotationView+WebCache.m in Sources */,
				20BF75511DCF02AF0074D394 /* SDWebImageCompat.m in Sources */,
				20BF75561DCF02AF0074D394 /* SDWebImagePrefetcher.m in Sources */,
				20BF755D1DCF02AF0074D394 /* UIView+WebCacheOperation.m in Sources */,
				20BF75641DCF042B0074D394 /* NSObject+YYModel.m in Sources */,
				20BF75591DCF02AF0074D394 /* UIImage+MultiFormat.m in Sources */,
				20BF75271DCF029B0074D394 /* AFNetworkReachabilityManager.m in Sources */,
				20BF75031DCF02860074D394 /* main.m in Sources */,
				20BF75571DCF02AF0074D394 /* UIButton+WebCache.m in Sources */,
				20BF75281DCF029B0074D394 /* AFSecurityPolicy.m in Sources */,
				20BF75501DCF02AF0074D394 /* SDImageCache.m in Sources */,
				20BF75291DCF029B0074D394 /* AFURLRequestSerialization.m in Sources */,
				20BF752A1DCF029B0074D394 /* AFURLResponseSerialization.m in Sources */,
				20BF75261DCF029B0074D394 /* AFHTTPSessionManager.m in Sources */,
				20BF75581DCF02AF0074D394 /* UIImage+GIF.m in Sources */,
				20BF754F1DCF02AF0074D394 /* NSData+ImageContentType.m in Sources */,
				20BF75651DCF042B0074D394 /* YYClassInfo.m in Sources */,
				20BF755A1DCF02AF0074D394 /* UIImage+WebP.m in Sources */,
			);
			runOnlyForDeploymentPostprocessing = 0;
		};
/* End PBXSourcesBuildPhase section */

/* Begin PBXVariantGroup section */
		20BF750A1DCF02860074D394 /* Main.storyboard */ = {
			isa = PBXVariantGroup;
			children = (
				20BF750B1DCF02860074D394 /* Base */,
			);
			name = Main.storyboard;
			sourceTree = "<group>";
		};
		20BF750F1DCF02860074D394 /* LaunchScreen.storyboard */ = {
			isa = PBXVariantGroup;
			children = (
				20BF75101DCF02860074D394 /* Base */,
			);
			name = LaunchScreen.storyboard;
			sourceTree = "<group>";
		};
/* End PBXVariantGroup section */

/* Begin XCBuildConfiguration section */
		20BF75131DCF02860074D394 /* Debug */ = {
			isa = XCBuildConfiguration;
			buildSettings = {
				ALWAYS_SEARCH_USER_PATHS = NO;
				CLANG_ANALYZER_NONNULL = YES;
				CLANG_CXX_LANGUAGE_STANDARD = "gnu++0x";
				CLANG_CXX_LIBRARY = "libc++";
				CLANG_ENABLE_MODULES = YES;
				CLANG_ENABLE_OBJC_ARC = YES;
				CLANG_WARN_BOOL_CONVERSION = YES;
				CLANG_WARN_CONSTANT_CONVERSION = YES;
				CLANG_WARN_DIRECT_OBJC_ISA_USAGE = YES_ERROR;
				CLANG_WARN_DOCUMENTATION_COMMENTS = YES;
				CLANG_WARN_EMPTY_BODY = YES;
				CLANG_WARN_ENUM_CONVERSION = YES;
				CLANG_WARN_INFINITE_RECURSION = YES;
				CLANG_WARN_INT_CONVERSION = YES;
				CLANG_WARN_OBJC_ROOT_CLASS = YES_ERROR;
				CLANG_WARN_SUSPICIOUS_MOVES = YES;
				CLANG_WARN_UNREACHABLE_CODE = YES;
				CLANG_WARN__DUPLICATE_METHOD_MATCH = YES;
				"CODE_SIGN_IDENTITY[sdk=iphoneos*]" = "iPhone Developer";
				COPY_PHASE_STRIP = NO;
				DEBUG_INFORMATION_FORMAT = dwarf;
				ENABLE_STRICT_OBJC_MSGSEND = YES;
				ENABLE_TESTABILITY = YES;
				GCC_C_LANGUAGE_STANDARD = gnu99;
				GCC_DYNAMIC_NO_PIC = NO;
				GCC_NO_COMMON_BLOCKS = YES;
				GCC_OPTIMIZATION_LEVEL = 0;
				GCC_PREPROCESSOR_DEFINITIONS = (
					"DEBUG=1",
					"$(inherited)",
				);
				GCC_WARN_64_TO_32_BIT_CONVERSION = YES;
				GCC_WARN_ABOUT_RETURN_TYPE = YES_ERROR;
				GCC_WARN_UNDECLARED_SELECTOR = YES;
				GCC_WARN_UNINITIALIZED_AUTOS = YES_AGGRESSIVE;
				GCC_WARN_UNUSED_FUNCTION = YES;
				GCC_WARN_UNUSED_VARIABLE = YES;
				IPHONEOS_DEPLOYMENT_TARGET = 10.0;
				MTL_ENABLE_DEBUG_INFO = YES;
				ONLY_ACTIVE_ARCH = YES;
				SDKROOT = iphoneos;
			};
			name = Debug;
		};
		20BF75141DCF02860074D394 /* Release */ = {
			isa = XCBuildConfiguration;
			buildSettings = {
				ALWAYS_SEARCH_USER_PATHS = NO;
				CLANG_ANALYZER_NONNULL = YES;
				CLANG_CXX_LANGUAGE_STANDARD = "gnu++0x";
				CLANG_CXX_LIBRARY = "libc++";
				CLANG_ENABLE_MODULES = YES;
				CLANG_ENABLE_OBJC_ARC = YES;
				CLANG_WARN_BOOL_CONVERSION = YES;
				CLANG_WARN_CONSTANT_CONVERSION = YES;
				CLANG_WARN_DIRECT_OBJC_ISA_USAGE = YES_ERROR;
				CLANG_WARN_DOCUMENTATION_COMMENTS = YES;
				CLANG_WARN_EMPTY_BODY = YES;
				CLANG_WARN_ENUM_CONVERSION = YES;
				CLANG_WARN_INFINITE_RECURSION = YES;
				CLANG_WARN_INT_CONVERSION = YES;
				CLANG_WARN_OBJC_ROOT_CLASS = YES_ERROR;
				CLANG_WARN_SUSPICIOUS_MOVES = YES;
				CLANG_WARN_UNREACHABLE_CODE = YES;
				CLANG_WARN__DUPLICATE_METHOD_MATCH = YES;
				"CODE_SIGN_IDENTITY[sdk=iphoneos*]" = "iPhone Developer";
				COPY_PHASE_STRIP = NO;
				DEBUG_INFORMATION_FORMAT = "dwarf-with-dsym";
				ENABLE_NS_ASSERTIONS = NO;
				ENABLE_STRICT_OBJC_MSGSEND = YES;
				GCC_C_LANGUAGE_STANDARD = gnu99;
				GCC_NO_COMMON_BLOCKS = YES;
				GCC_WARN_64_TO_32_BIT_CONVERSION = YES;
				GCC_WARN_ABOUT_RETURN_TYPE = YES_ERROR;
				GCC_WARN_UNDECLARED_SELECTOR = YES;
				GCC_WARN_UNINITIALIZED_AUTOS = YES_AGGRESSIVE;
				GCC_WARN_UNUSED_FUNCTION = YES;
				GCC_WARN_UNUSED_VARIABLE = YES;
				IPHONEOS_DEPLOYMENT_TARGET = 10.0;
				MTL_ENABLE_DEBUG_INFO = NO;
				SDKROOT = iphoneos;
				VALIDATE_PRODUCT = YES;
			};
			name = Release;
		};
		20BF75161DCF02860074D394 /* Debug */ = {
			isa = XCBuildConfiguration;
			buildSettings = {
				ASSETCATALOG_COMPILER_APPICON_NAME = AppIcon;
				INFOPLIST_FILE = "SD异步下载图片/Info.plist";
				LD_RUNPATH_SEARCH_PATHS = "$(inherited) @executable_path/Frameworks";
				PRODUCT_BUNDLE_IDENTIFIER = "cn.yahoo.SD------";
				PRODUCT_NAME = "$(TARGET_NAME)";
			};
			name = Debug;
		};
		20BF75171DCF02860074D394 /* Release */ = {
			isa = XCBuildConfiguration;
			buildSettings = {
				ASSETCATALOG_COMPILER_APPICON_NAME = AppIcon;
				INFOPLIST_FILE = "SD异步下载图片/Info.plist";
				LD_RUNPATH_SEARCH_PATHS = "$(inherited) @executable_path/Frameworks";
				PRODUCT_BUNDLE_IDENTIFIER = "cn.yahoo.SD------";
				PRODUCT_NAME = "$(TARGET_NAME)";
			};
			name = Release;
		};
/* End XCBuildConfiguration section */

/* Begin XCConfigurationList section */
		20BF74F91DCF02860074D394 /* Build configuration list for PBXProject "SD异步下载图片" */ = {
			isa = XCConfigurationList;
			buildConfigurations = (
				20BF75131DCF02860074D394 /* Debug */,
				20BF75141DCF02860074D394 /* Release */,
			);
			defaultConfigurationIsVisible = 0;
			defaultConfigurationName = Release;
		};
		20BF75151DCF02860074D394 /* Build configuration list for PBXNativeTarget "SD异步下载图片" */ = {
			isa = XCConfigurationList;
			buildConfigurations = (
				20BF75161DCF02860074D394 /* Debug */,
				20BF75171DCF02860074D394 /* Release */,
			);
			defaultConfigurationIsVisible = 0;
		};
/* End XCConfigurationList section */
	};
	rootObject = 20BF74F61DCF02860074D394 /* Project object */;
}
