// !$*UTF8*$!
{
	archiveVersion = 1;
	classes = {
	};
	objectVersion = 46;
	objects = {

/* Begin PBXBuildFile section */
		20BF74411DCEC6F60074D394 /* main.m in Sources */ = {isa = PBXBuildFile; fileRef = 20BF74401DCEC6F60074D394 /* main.m */; };
		20BF74441DCEC6F60074D394 /* AppDelegate.m in Sources */ = {isa = PBXBuildFile; fileRef = 20BF74431DCEC6F60074D394 /* AppDelegate.m */; };
		20BF74471DCEC6F60074D394 /* ViewController.m in Sources */ = {isa = PBXBuildFile; fileRef = 20BF74461DCEC6F60074D394 /* ViewController.m */; };
		20BF744A1DCEC6F60074D394 /* Main.storyboard in Resources */ = {isa = PBXBuildFile; fileRef = 20BF74481DCEC6F60074D394 /* Main.storyboard */; };
		20BF744C1DCEC6F60074D394 /* Assets.xcassets in Resources */ = {isa = PBXBuildFile; fileRef = 20BF744B1DCEC6F60074D394 /* Assets.xcassets */; };
		20BF744F1DCEC6F60074D394 /* LaunchScreen.storyboard in Resources */ = {isa = PBXBuildFile; fileRef = 20BF744D1DCEC6F60074D394 /* LaunchScreen.storyboard */; };
		20BF746C1DCEC9170074D394 /* Person.m in Sources */ = {isa = PBXBuildFile; fileRef = 20BF746B1DCEC9170074D394 /* Person.m */; };
		20BF74DD1DCED6340074D394 /* AFHTTPSessionManager.m in Sources */ = {isa = PBXBuildFile; fileRef = 20BF74A91DCED6340074D394 /* AFHTTPSessionManager.m */; };
		20BF74DE1DCED6340074D394 /* AFNetworkReachabilityManager.m in Sources */ = {isa = PBXBuildFile; fileRef = 20BF74AC1DCED6340074D394 /* AFNetworkReachabilityManager.m */; };
		20BF74DF1DCED6340074D394 /* AFSecurityPolicy.m in Sources */ = {isa = PBXBuildFile; fileRef = 20BF74AE1DCED6340074D394 /* AFSecurityPolicy.m */; };
		20BF74E01DCED6340074D394 /* AFURLRequestSerialization.m in Sources */ = {isa = PBXBuildFile; fileRef = 20BF74B01DCED6340074D394 /* AFURLRequestSerialization.m */; };
		20BF74E11DCED6340074D394 /* AFURLResponseSerialization.m in Sources */ = {isa = PBXBuildFile; fileRef = 20BF74B21DCED6340074D394 /* AFURLResponseSerialization.m */; };
		20BF74E21DCED6340074D394 /* AFURLSessionManager.m in Sources */ = {isa = PBXBuildFile; fileRef = 20BF74B41DCED6340074D394 /* AFURLSessionManager.m */; };
		20BF74E31DCED6340074D394 /* MKAnnotationView+WebCache.m in Sources */ = {isa = PBXBuildFile; fileRef = 20BF74B71DCED6340074D394 /* MKAnnotationView+WebCache.m */; };
		20BF74E41DCED6340074D394 /* NSData+ImageContentType.m in Sources */ = {isa = PBXBuildFile; fileRef = 20BF74B91DCED6340074D394 /* NSData+ImageContentType.m */; };
		20BF74E51DCED6340074D394 /* SDImageCache.m in Sources */ = {isa = PBXBuildFile; fileRef = 20BF74BB1DCED6340074D394 /* SDImageCache.m */; };
		20BF74E61DCED6340074D394 /* SDWebImageCompat.m in Sources */ = {isa = PBXBuildFile; fileRef = 20BF74BD1DCED6340074D394 /* SDWebImageCompat.m */; };
		20BF74E71DCED6340074D394 /* SDWebImageDecoder.m in Sources */ = {isa = PBXBuildFile; fileRef = 20BF74BF1DCED6340074D394 /* SDWebImageDecoder.m */; };
		20BF74E81DCED6340074D394 /* SDWebImageDownloader.m in Sources */ = {isa = PBXBuildFile; fileRef = 20BF74C11DCED6340074D394 /* SDWebImageDownloader.m */; };
		20BF74E91DCED6340074D394 /* SDWebImageDownloaderOperation.m in Sources */ = {isa = PBXBuildFile; fileRef = 20BF74C31DCED6340074D394 /* SDWebImageDownloaderOperation.m */; };
		20BF74EA1DCED6340074D394 /* SDWebImageManager.m in Sources */ = {isa = PBXBuildFile; fileRef = 20BF74C51DCED6340074D394 /* SDWebImageManager.m */; };
		20BF74EB1DCED6340074D394 /* SDWebImagePrefetcher.m in Sources */ = {isa = PBXBuildFile; fileRef = 20BF74C81DCED6340074D394 /* SDWebImagePrefetcher.m */; };
		20BF74EC1DCED6340074D394 /* UIButton+WebCache.m in Sources */ = {isa = PBXBuildFile; fileRef = 20BF74CA1DCED6340074D394 /* UIButton+WebCache.m */; };
		20BF74ED1DCED6340074D394 /* UIImage+GIF.m in Sources */ = {isa = PBXBuildFile; fileRef = 20BF74CC1DCED6340074D394 /* UIImage+GIF.m */; };
		20BF74EE1DCED6340074D394 /* UIImage+MultiFormat.m in Sources */ = {isa = PBXBuildFile; fileRef = 20BF74CE1DCED6340074D394 /* UIImage+MultiFormat.m */; };
		20BF74EF1DCED6340074D394 /* UIImage+WebP.m in Sources */ = {isa = PBXBuildFile; fileRef = 20BF74D01DCED6340074D394 /* UIImage+WebP.m */; };
		20BF74F01DCED6340074D394 /* UIImageView+HighlightedWebCache.m in Sources */ = {isa = PBXBuildFile; fileRef = 20BF74D21DCED6340074D394 /* UIImageView+HighlightedWebCache.m */; };
		20BF74F11DCED6340074D394 /* UIImageView+WebCache.m in Sources */ = {isa = PBXBuildFile; fileRef = 20BF74D41DCED6340074D394 /* UIImageView+WebCache.m */; };
		20BF74F21DCED6340074D394 /* UIView+WebCacheOperation.m in Sources */ = {isa = PBXBuildFile; fileRef = 20BF74D61DCED6340074D394 /* UIView+WebCacheOperation.m */; };
		20BF74F31DCED6340074D394 /* NSObject+YYModel.m in Sources */ = {isa = PBXBuildFile; fileRef = 20BF74D91DCED6340074D394 /* NSObject+YYModel.m */; };
		20BF74F41DCED6340074D394 /* YYClassInfo.m in Sources */ = {isa = PBXBuildFile; fileRef = 20BF74DB1DCED6340074D394 /* YYClassInfo.m */; };
/* End PBXBuildFile section */

/* Begin PBXFileReference section */
		20BF743C1DCEC6F60074D394 /* yibuxiazaitupian.app */ = {isa = PBXFileReference; explicitFileType = wrapper.application; includeInIndex = 0; path = yibuxiazaitupian.app; sourceTree = BUILT_PRODUCTS_DIR; };
		20BF74401DCEC6F60074D394 /* main.m */ = {isa = PBXFileReference; lastKnownFileType = sourcecode.c.objc; path = main.m; sourceTree = "<group>"; };
		20BF74421DCEC6F60074D394 /* AppDelegate.h */ = {isa = PBXFileReference; lastKnownFileType = sourcecode.c.h; path = AppDelegate.h; sourceTree = "<group>"; };
		20BF74431DCEC6F60074D394 /* AppDelegate.m */ = {isa = PBXFileReference; lastKnownFileType = sourcecode.c.objc; path = AppDelegate.m; sourceTree = "<group>"; };
		20BF74451DCEC6F60074D394 /* ViewController.h */ = {isa = PBXFileReference; lastKnownFileType = sourcecode.c.h; path = ViewController.h; sourceTree = "<group>"; };
		20BF74461DCEC6F60074D394 /* ViewController.m */ = {isa = PBXFileReference; lastKnownFileType = sourcecode.c.objc; path = ViewController.m; sourceTree = "<group>"; };
		20BF74491DCEC6F60074D394 /* Base */ = {isa = PBXFileReference; lastKnownFileType = file.storyboard; name = Base; path = Base.lproj/Main.storyboard; sourceTree = "<group>"; };
		20BF744B1DCEC6F60074D394 /* Assets.xcassets */ = {isa = PBXFileReference; lastKnownFileType = folder.assetcatalog; path = Assets.xcassets; sourceTree = "<group>"; };
		20BF744E1DCEC6F60074D394 /* Base */ = {isa = PBXFileReference; lastKnownFileType = file.storyboard; name = Base; path = Base.lproj/LaunchScreen.storyboard; sourceTree = "<group>"; };
		20BF74501DCEC6F60074D394 /* Info.plist */ = {isa = PBXFileReference; lastKnownFileType = text.plist.xml; path = Info.plist; sourceTree = "<group>"; };
		20BF746A1DCEC9170074D394 /* Person.h */ = {isa = PBXFileReference; fileEncoding = 4; lastKnownFileType = sourcecode.c.h; path = Person.h; sourceTree = "<group>"; };
		20BF746B1DCEC9170074D394 /* Person.m */ = {isa = PBXFileReference; fileEncoding = 4; lastKnownFileType = sourcecode.c.objc; path = Person.m; sourceTree = "<group>"; };
		20BF74A81DCED6340074D394 /* AFHTTPSessionManager.h */ = {isa = PBXFileReference; fileEncoding = 4; lastKnownFileType = sourcecode.c.h; path = AFHTTPSessionManager.h; sourceTree = "<group>"; };
		20BF74A91DCED6340074D394 /* AFHTTPSessionManager.m */ = {isa = PBXFileReference; fileEncoding = 4; lastKnownFileType = sourcecode.c.objc; path = AFHTTPSessionManager.m; sourceTree = "<group>"; };
		20BF74AA1DCED6340074D394 /* AFNetworking.h */ = {isa = PBXFileReference; fileEncoding = 4; lastKnownFileType = sourcecode.c.h; path = AFNetworking.h; sourceTree = "<group>"; };
		20BF74AB1DCED6340074D394 /* AFNetworkReachabilityManager.h */ = {isa = PBXFileReference; fileEncoding = 4; lastKnownFileType = sourcecode.c.h; path = AFNetworkReachabilityManager.h; sourceTree = "<group>"; };
		20BF74AC1DCED6340074D394 /* AFNetworkReachabilityManager.m */ = {isa = PBXFileReference; fileEncoding = 4; lastKnownFileType = sourcecode.c.objc; path = AFNetworkReachabilityManager.m; sourceTree = "<group>"; };
		20BF74AD1DCED6340074D394 /* AFSecurityPolicy.h */ = {isa = PBXFileReference; fileEncoding = 4; lastKnownFileType = sourcecode.c.h; path = AFSecurityPolicy.h; sourceTree = "<group>"; };
		20BF74AE1DCED6340074D394 /* AFSecurityPolicy.m */ = {isa = PBXFileReference; fileEncoding = 4; lastKnownFileType = sourcecode.c.objc; path = AFSecurityPolicy.m; sourceTree = "<group>"; };
		20BF74AF1DCED6340074D394 /* AFURLRequestSerialization.h */ = {isa = PBXFileReference; fileEncoding = 4; lastKnownFileType = sourcecode.c.h; path = AFURLRequestSerialization.h; sourceTree = "<group>"; };
		20BF74B01DCED6340074D394 /* AFURLRequestSerialization.m */ = {isa = PBXFileReference; fileEncoding = 4; lastKnownFileType = sourcecode.c.objc; path = AFURLRequestSerialization.m; sourceTree = "<group>"; };
		20BF74B11DCED6340074D394 /* AFURLResponseSerialization.h */ = {isa = PBXFileReference; fileEncoding = 4; lastKnownFileType = sourcecode.c.h; path = AFURLResponseSerialization.h; sourceTree = "<group>"; };
		20BF74B21DCED6340074D394 /* AFURLResponseSerialization.m */ = {isa = PBXFileReference; fileEncoding = 4; lastKnownFileType = sourcecode.c.objc; path = AFURLResponseSerialization.m; sourceTree = "<group>"; };
		20BF74B31DCED6340074D394 /* AFURLSessionManager.h */ = {isa = PBXFileReference; fileEncoding = 4; lastKnownFileType = sourcecode.c.h; path = AFURLSessionManager.h; sourceTree = "<group>"; };
		20BF74B41DCED6340074D394 /* AFURLSessionManager.m */ = {isa = PBXFileReference; fileEncoding = 4; lastKnownFileType = sourcecode.c.objc; path = AFURLSessionManager.m; sourceTree = "<group>"; };
		20BF74B61DCED6340074D394 /* MKAnnotationView+WebCache.h */ = {isa = PBXFileReference; fileEncoding = 4; lastKnownFileType = sourcecode.c.h; path = "MKAnnotationView+WebCache.h"; sourceTree = "<group>"; };
		20BF74B71DCED6340074D394 /* MKAnnotationView+WebCache.m */ = {isa = PBXFileReference; fileEncoding = 4; lastKnownFileType = sourcecode.c.objc; path = "MKAnnotationView+WebCache.m"; sourceTree = "<group>"; };
		20BF74B81DCED6340074D394 /* NSData+ImageContentType.h */ = {isa = PBXFileReference; fileEncoding = 4; lastKnownFileType = sourcecode.c.h; path = "NSData+ImageContentType.h"; sourceTree = "<group>"; };
		20BF74B91DCED6340074D394 /* NSData+ImageContentType.m */ = {isa = PBXFileReference; fileEncoding = 4; lastKnownFileType = sourcecode.c.objc; path = "NSData+ImageContentType.m"; sourceTree = "<group>"; };
		20BF74BA1DCED6340074D394 /* SDImageCache.h */ = {isa = PBXFileReference; fileEncoding = 4; lastKnownFileType = sourcecode.c.h; path = SDImageCache.h; sourceTree = "<group>"; };
		20BF74BB1DCED6340074D394 /* SDImageCache.m */ = {isa = PBXFileReference; fileEncoding = 4; lastKnownFileType = sourcecode.c.objc; path = SDImageCache.m; sourceTree = "<group>"; };
		20BF74BC1DCED6340074D394 /* SDWebImageCompat.h */ = {isa = PBXFileReference; fileEncoding = 4; lastKnownFileType = sourcecode.c.h; path = SDWebImageCompat.h; sourceTree = "<group>"; };
		20BF74BD1DCED6340074D394 /* SDWebImageCompat.m */ = {isa = PBXFileReference; fileEncoding = 4; lastKnownFileType = sourcecode.c.objc; path = SDWebImageCompat.m; sourceTree = "<group>"; };
		20BF74BE1DCED6340074D394 /* SDWebImageDecoder.h */ = {isa = PBXFileReference; fileEncoding = 4; lastKnownFileType = sourcecode.c.h; path = SDWebImageDecoder.h; sourceTree = "<group>"; };
		20BF74BF1DCED6340074D394 /* SDWebImageDecoder.m */ = {isa = PBXFileReference; fileEncoding = 4; lastKnownFileType = sourcecode.c.objc; path = SDWebImageDecoder.m; sourceTree = "<group>"; };
		20BF74C01DCED6340074D394 /* SDWebImageDownloader.h */ = {isa = PBXFileReference; fileEncoding = 4; lastKnownFileType = sourcecode.c.h; path = SDWebImageDownloader.h; sourceTree = "<group>"; };
		20BF74C11DCED6340074D394 /* SDWebImageDownloader.m */ = {isa = PBXFileReference; fileEncoding = 4; lastKnownFileType = sourcecode.c.objc; path = SDWebImageDownloader.m; sourceTree = "<group>"; };
		20BF74C21DCED6340074D394 /* SDWebImageDownloaderOperation.h */ = {isa = PBXFileReference; fileEncoding = 4; lastKnownFileType = sourcecode.c.h; path = SDWebImageDownloaderOperation.h; sourceTree = "<group>"; };
		20BF74C31DCED6340074D394 /* SDWebImageDownloaderOperation.m */ = {isa = PBXFileReference; fileEncoding = 4; lastKnownFileType = sourcecode.c.objc; path = SDWebImageDownloaderOperation.m; sourceTree = "<group>"; };
		20BF74C41DCED6340074D394 /* SDWebImageManager.h */ = {isa = PBXFileReference; fileEncoding = 4; lastKnownFileType = sourcecode.c.h; path = SDWebImageManager.h; sourceTree = "<group>"; };
		20BF74C51DCED6340074D394 /* SDWebImageManager.m */ = {isa = PBXFileReference; fileEncoding = 4; lastKnownFileType = sourcecode.c.objc; path = SDWebImageManager.m; sourceTree = "<group>"; };
		20BF74C61DCED6340074D394 /* SDWebImageOperation.h */ = {isa = PBXFileReference; fileEncoding = 4; lastKnownFileType = sourcecode.c.h; path = SDWebImageOperation.h; sourceTree = "<group>"; };
		20BF74C71DCED6340074D394 /* SDWebImagePrefetcher.h */ = {isa = PBXFileReference; fileEncoding = 4; lastKnownFileType = sourcecode.c.h; path = SDWebImagePrefetcher.h; sourceTree = "<group>"; };
		20BF74C81DCED6340074D394 /* SDWebImagePrefetcher.m */ = {isa = PBXFileReference; fileEncoding = 4; lastKnownFileType = sourcecode.c.objc; path = SDWebImagePrefetcher.m; sourceTree = "<group>"; };
		20BF74C91DCED6340074D394 /* UIButton+WebCache.h */ = {isa = PBXFileReference; fileEncoding = 4; lastKnownFileType = sourcecode.c.h; path = "UIButton+WebCache.h"; sourceTree = "<group>"; };
		20BF74CA1DCED6340074D394 /* UIButton+WebCache.m */ = {isa = PBXFileReference; fileEncoding = 4; lastKnownFileType = sourcecode.c.objc; path = "UIButton+WebCache.m"; sourceTree = "<group>"; };
		20BF74CB1DCED6340074D394 /* UIImage+GIF.h */ = {isa = PBXFileReference; fileEncoding = 4; lastKnownFileType = sourcecode.c.h; path = "UIImage+GIF.h"; sourceTree = "<group>"; };
		20BF74CC1DCED6340074D394 /* UIImage+GIF.m */ = {isa = PBXFileReference; fileEncoding = 4; lastKnownFileType = sourcecode.c.objc; path = "UIImage+GIF.m"; sourceTree = "<group>"; };
		20BF74CD1DCED6340074D394 /* UIImage+MultiFormat.h */ = {isa = PBXFileReference; fileEncoding = 4; lastKnownFileType = sourcecode.c.h; path = "UIImage+MultiFormat.h"; sourceTree = "<group>"; };
		20BF74CE1DCED6340074D394 /* UIImage+MultiFormat.m */ = {isa = PBXFileReference; fileEncoding = 4; lastKnownFileType = sourcecode.c.objc; path = "UIImage+MultiFormat.m"; sourceTree = "<group>"; };
		20BF74CF1DCED6340074D394 /* UIImage+WebP.h */ = {isa = PBXFileReference; fileEncoding = 4; lastKnownFileType = sourcecode.c.h; path = "UIImage+WebP.h"; sourceTree = "<group>"; };
		20BF74D01DCED6340074D394 /* UIImage+WebP.m */ = {isa = PBXFileReference; fileEncoding = 4; lastKnownFileType = sourcecode.c.objc; path = "UIImage+WebP.m"; sourceTree = "<group>"; };
		20BF74D11DCED6340074D394 /* UIImageView+HighlightedWebCache.h */ = {isa = PBXFileReference; fileEncoding = 4; lastKnownFileType = sourcecode.c.h; path = "UIImageView+HighlightedWebCache.h"; sourceTree = "<group>"; };
		20BF74D21DCED6340074D394 /* UIImageView+HighlightedWebCache.m */ = {isa = PBXFileReference; fileEncoding = 4; lastKnownFileType = sourcecode.c.objc; path = "UIImageView+HighlightedWebCache.m"; sourceTree = "<group>"; };
		20BF74D31DCED6340074D394 /* UIImageView+WebCache.h */ = {isa = PBXFileReference; fileEncoding = 4; lastKnownFileType = sourcecode.c.h; path = "UIImageView+WebCache.h"; sourceTree = "<group>"; };
		20BF74D41DCED6340074D394 /* UIImageView+WebCache.m */ = {isa = PBXFileReference; fileEncoding = 4; lastKnownFileType = sourcecode.c.objc; path = "UIImageView+WebCache.m"; sourceTree = "<group>"; };
		20BF74D51DCED6340074D394 /* UIView+WebCacheOperation.h */ = {isa = PBXFileReference; fileEncoding = 4; lastKnownFileType = sourcecode.c.h; path = "UIView+WebCacheOperation.h"; sourceTree = "<group>"; };
		20BF74D61DCED6340074D394 /* UIView+WebCacheOperation.m */ = {isa = PBXFileReference; fileEncoding = 4; lastKnownFileType = sourcecode.c.objc; path = "UIView+WebCacheOperation.m"; sourceTree = "<group>"; };
		20BF74D81DCED6340074D394 /* NSObject+YYModel.h */ = {isa = PBXFileReference; fileEncoding = 4; lastKnownFileType = sourcecode.c.h; path = "NSObject+YYModel.h"; sourceTree = "<group>"; };
		20BF74D91DCED6340074D394 /* NSObject+YYModel.m */ = {isa = PBXFileReference; fileEncoding = 4; lastKnownFileType = sourcecode.c.objc; path = "NSObject+YYModel.m"; sourceTree = "<group>"; };
		20BF74DA1DCED6340074D394 /* YYClassInfo.h */ = {isa = PBXFileReference; fileEncoding = 4; lastKnownFileType = sourcecode.c.h; path = YYClassInfo.h; sourceTree = "<group>"; };
		20BF74DB1DCED6340074D394 /* YYClassInfo.m */ = {isa = PBXFileReference; fileEncoding = 4; lastKnownFileType = sourcecode.c.objc; path = YYClassInfo.m; sourceTree = "<group>"; };
		20BF74DC1DCED6340074D394 /* YYModel.h */ = {isa = PBXFileReference; fileEncoding = 4; lastKnownFileType = sourcecode.c.h; path = YYModel.h; sourceTree = "<group>"; };
/* End PBXFileReference section */

/* Begin PBXFrameworksBuildPhase section */
		20BF74391DCEC6F60074D394 /* Frameworks */ = {
			isa = PBXFrameworksBuildPhase;
			buildActionMask = 2147483647;
			files = (
			);
			runOnlyForDeploymentPostprocessing = 0;
		};
/* End PBXFrameworksBuildPhase section */

/* Begin PBXGroup section */
		20BF74331DCEC6F60074D394 = {
			isa = PBXGroup;
			children = (
				20BF743E1DCEC6F60074D394 /* yibuxiazaitupian */,
				20BF743D1DCEC6F60074D394 /* Products */,
			);
			sourceTree = "<group>";
		};
		20BF743D1DCEC6F60074D394 /* Products */ = {
			isa = PBXGroup;
			children = (
				20BF743C1DCEC6F60074D394 /* yibuxiazaitupian.app */,
			);
			name = Products;
			sourceTree = "<group>";
		};
		20BF743E1DCEC6F60074D394 /* yibuxiazaitupian */ = {
			isa = PBXGroup;
			children = (
				20BF74A71DCED6340074D394 /* AFNetworking */,
				20BF74B51DCED6340074D394 /* SDWebImage */,
				20BF74D71DCED6340074D394 /* YYModel */,
				20BF74421DCEC6F60074D394 /* AppDelegate.h */,
				20BF74431DCEC6F60074D394 /* AppDelegate.m */,
				20BF74451DCEC6F60074D394 /* ViewController.h */,
				20BF74461DCEC6F60074D394 /* ViewController.m */,
				20BF746A1DCEC9170074D394 /* Person.h */,
				20BF746B1DCEC9170074D394 /* Person.m */,
				20BF74481DCEC6F60074D394 /* Main.storyboard */,
				20BF744B1DCEC6F60074D394 /* Assets.xcassets */,
				20BF744D1DCEC6F60074D394 /* LaunchScreen.storyboard */,
				20BF74501DCEC6F60074D394 /* Info.plist */,
				20BF743F1DCEC6F60074D394 /* Supporting Files */,
			);
			path = yibuxiazaitupian;
			sourceTree = "<group>";
		};
		20BF743F1DCEC6F60074D394 /* Supporting Files */ = {
			isa = PBXGroup;
			children = (
				20BF74401DCEC6F60074D394 /* main.m */,
			);
			name = "Supporting Files";
			sourceTree = "<group>";
		};
		20BF74A71DCED6340074D394 /* AFNetworking */ = {
			isa = PBXGroup;
			children = (
				20BF74A81DCED6340074D394 /* AFHTTPSessionManager.h */,
				20BF74A91DCED6340074D394 /* AFHTTPSessionManager.m */,
				20BF74AA1DCED6340074D394 /* AFNetworking.h */,
				20BF74AB1DCED6340074D394 /* AFNetworkReachabilityManager.h */,
				20BF74AC1DCED6340074D394 /* AFNetworkReachabilityManager.m */,
				20BF74AD1DCED6340074D394 /* AFSecurityPolicy.h */,
				20BF74AE1DCED6340074D394 /* AFSecurityPolicy.m */,
				20BF74AF1DCED6340074D394 /* AFURLRequestSerialization.h */,
				20BF74B01DCED6340074D394 /* AFURLRequestSerialization.m */,
				20BF74B11DCED6340074D394 /* AFURLResponseSerialization.h */,
				20BF74B21DCED6340074D394 /* AFURLResponseSerialization.m */,
				20BF74B31DCED6340074D394 /* AFURLSessionManager.h */,
				20BF74B41DCED6340074D394 /* AFURLSessionManager.m */,
			);
			path = AFNetworking;
			sourceTree = "<group>";
		};
		20BF74B51DCED6340074D394 /* SDWebImage */ = {
			isa = PBXGroup;
			children = (
				20BF74B61DCED6340074D394 /* MKAnnotationView+WebCache.h */,
				20BF74B71DCED6340074D394 /* MKAnnotationView+WebCache.m */,
				20BF74B81DCED6340074D394 /* NSData+ImageContentType.h */,
				20BF74B91DCED6340074D394 /* NSData+ImageContentType.m */,
				20BF74BA1DCED6340074D394 /* SDImageCache.h */,
				20BF74BB1DCED6340074D394 /* SDImageCache.m */,
				20BF74BC1DCED6340074D394 /* SDWebImageCompat.h */,
				20BF74BD1DCED6340074D394 /* SDWebImageCompat.m */,
				20BF74BE1DCED6340074D394 /* SDWebImageDecoder.h */,
				20BF74BF1DCED6340074D394 /* SDWebImageDecoder.m */,
				20BF74C01DCED6340074D394 /* SDWebImageDownloader.h */,
				20BF74C11DCED6340074D394 /* SDWebImageDownloader.m */,
				20BF74C21DCED6340074D394 /* SDWebImageDownloaderOperation.h */,
				20BF74C31DCED6340074D394 /* SDWebImageDownloaderOperation.m */,
				20BF74C41DCED6340074D394 /* SDWebImageManager.h */,
				20BF74C51DCED6340074D394 /* SDWebImageManager.m */,
				20BF74C61DCED6340074D394 /* SDWebImageOperation.h */,
				20BF74C71DCED6340074D394 /* SDWebImagePrefetcher.h */,
				20BF74C81DCED6340074D394 /* SDWebImagePrefetcher.m */,
				20BF74C91DCED6340074D394 /* UIButton+WebCache.h */,
				20BF74CA1DCED6340074D394 /* UIButton+WebCache.m */,
				20BF74CB1DCED6340074D394 /* UIImage+GIF.h */,
				20BF74CC1DCED6340074D394 /* UIImage+GIF.m */,
				20BF74CD1DCED6340074D394 /* UIImage+MultiFormat.h */,
				20BF74CE1DCED6340074D394 /* UIImage+MultiFormat.m */,
				20BF74CF1DCED6340074D394 /* UIImage+WebP.h */,
				20BF74D01DCED6340074D394 /* UIImage+WebP.m */,
				20BF74D11DCED6340074D394 /* UIImageView+HighlightedWebCache.h */,
				20BF74D21DCED6340074D394 /* UIImageView+HighlightedWebCache.m */,
				20BF74D31DCED6340074D394 /* UIImageView+WebCache.h */,
				20BF74D41DCED6340074D394 /* UIImageView+WebCache.m */,
				20BF74D51DCED6340074D394 /* UIView+WebCacheOperation.h */,
				20BF74D61DCED6340074D394 /* UIView+WebCacheOperation.m */,
			);
			path = SDWebImage;
			sourceTree = "<group>";
		};
		20BF74D71DCED6340074D394 /* YYModel */ = {
			isa = PBXGroup;
			children = (
				20BF74D81DCED6340074D394 /* NSObject+YYModel.h */,
				20BF74D91DCED6340074D394 /* NSObject+YYModel.m */,
				20BF74DA1DCED6340074D394 /* YYClassInfo.h */,
				20BF74DB1DCED6340074D394 /* YYClassInfo.m */,
				20BF74DC1DCED6340074D394 /* YYModel.h */,
			);
			path = YYModel;
			sourceTree = "<group>";
		};
/* End PBXGroup section */

/* Begin PBXNativeTarget section */
		20BF743B1DCEC6F60074D394 /* yibuxiazaitupian */ = {
			isa = PBXNativeTarget;
			buildConfigurationList = 20BF74531DCEC6F60074D394 /* Build configuration list for PBXNativeTarget "yibuxiazaitupian" */;
			buildPhases = (
				20BF74381DCEC6F60074D394 /* Sources */,
				20BF74391DCEC6F60074D394 /* Frameworks */,
				20BF743A1DCEC6F60074D394 /* Resources */,
			);
			buildRules = (
			);
			dependencies = (
			);
			name = yibuxiazaitupian;
			productName = yibuxiazaitupian;
			productReference = 20BF743C1DCEC6F60074D394 /* yibuxiazaitupian.app */;
			productType = "com.apple.product-type.application";
		};
/* End PBXNativeTarget section */

/* Begin PBXProject section */
		20BF74341DCEC6F60074D394 /* Project object */ = {
			isa = PBXProject;
			attributes = {
				LastUpgradeCheck = 0800;
				ORGANIZATIONNAME = FCC;
				TargetAttributes = {
					20BF743B1DCEC6F60074D394 = {
						CreatedOnToolsVersion = 8.0;
						ProvisioningStyle = Automatic;
					};
				};
			};
			buildConfigurationList = 20BF74371DCEC6F60074D394 /* Build configuration list for PBXProject "yibuxiazaitupian" */;
			compatibilityVersion = "Xcode 3.2";
			developmentRegion = English;
			hasScannedForEncodings = 0;
			knownRegions = (
				en,
				Base,
			);
			mainGroup = 20BF74331DCEC6F60074D394;
			productRefGroup = 20BF743D1DCEC6F60074D394 /* Products */;
			projectDirPath = "";
			projectRoot = "";
			targets = (
				20BF743B1DCEC6F60074D394 /* yibuxiazaitupian */,
			);
		};
/* End PBXProject section */

/* Begin PBXResourcesBuildPhase section */
		20BF743A1DCEC6F60074D394 /* Resources */ = {
			isa = PBXResourcesBuildPhase;
			buildActionMask = 2147483647;
			files = (
				20BF744F1DCEC6F60074D394 /* LaunchScreen.storyboard in Resources */,
				20BF744C1DCEC6F60074D394 /* Assets.xcassets in Resources */,
				20BF744A1DCEC6F60074D394 /* Main.storyboard in Resources */,
			);
			runOnlyForDeploymentPostprocessing = 0;
		};
/* End PBXResourcesBuildPhase section */

/* Begin PBXSourcesBuildPhase section */
		20BF74381DCEC6F60074D394 /* Sources */ = {
			isa = PBXSourcesBuildPhase;
			buildActionMask = 2147483647;
			files = (
				20BF74F31DCED6340074D394 /* NSObject+YYModel.m in Sources */,
				20BF74DF1DCED6340074D394 /* AFSecurityPolicy.m in Sources */,
				20BF74E31DCED6340074D394 /* MKAnnotationView+WebCache.m in Sources */,
				20BF74E11DCED6340074D394 /* AFURLResponseSerialization.m in Sources */,
				20BF74EB1DCED6340074D394 /* SDWebImagePrefetcher.m in Sources */,
				20BF74EA1DCED6340074D394 /* SDWebImageManager.m in Sources */,
				20BF74471DCEC6F60074D394 /* ViewController.m in Sources */,
				20BF746C1DCEC9170074D394 /* Person.m in Sources */,
				20BF74F11DCED6340074D394 /* UIImageView+WebCache.m in Sources */,
				20BF74E61DCED6340074D394 /* SDWebImageCompat.m in Sources */,
				20BF74DD1DCED6340074D394 /* AFHTTPSessionManager.m in Sources */,
				20BF74E71DCED6340074D394 /* SDWebImageDecoder.m in Sources */,
				20BF74EE1DCED6340074D394 /* UIImage+MultiFormat.m in Sources */,
				20BF74EF1DCED6340074D394 /* UIImage+WebP.m in Sources */,
				20BF74E91DCED6340074D394 /* SDWebImageDownloaderOperation.m in Sources */,
				20BF74F21DCED6340074D394 /* UIView+WebCacheOperation.m in Sources */,
				20BF74E81DCED6340074D394 /* SDWebImageDownloader.m in Sources */,
				20BF74ED1DCED6340074D394 /* UIImage+GIF.m in Sources */,
				20BF74E21DCED6340074D394 /* AFURLSessionManager.m in Sources */,
				20BF74441DCEC6F60074D394 /* AppDelegate.m in Sources */,
				20BF74F41DCED6340074D394 /* YYClassInfo.m in Sources */,
				20BF74DE1DCED6340074D394 /* AFNetworkReachabilityManager.m in Sources */,
				20BF74F01DCED6340074D394 /* UIImageView+HighlightedWebCache.m in Sources */,
				20BF74411DCEC6F60074D394 /* main.m in Sources */,
				20BF74E51DCED6340074D394 /* SDImageCache.m in Sources */,
				20BF74EC1DCED6340074D394 /* UIButton+WebCache.m in Sources */,
				20BF74E41DCED6340074D394 /* NSData+ImageContentType.m in Sources */,
				20BF74E01DCED6340074D394 /* AFURLRequestSerialization.m in Sources */,
			);
			runOnlyForDeploymentPostprocessing = 0;
		};
/* End PBXSourcesBuildPhase section */

/* Begin PBXVariantGroup section */
		20BF74481DCEC6F60074D394 /* Main.storyboard */ = {
			isa = PBXVariantGroup;
			children = (
				20BF74491DCEC6F60074D394 /* Base */,
			);
			name = Main.storyboard;
			sourceTree = "<group>";
		};
		20BF744D1DCEC6F60074D394 /* LaunchScreen.storyboard */ = {
			isa = PBXVariantGroup;
			children = (
				20BF744E1DCEC6F60074D394 /* Base */,
			);
			name = LaunchScreen.storyboard;
			sourceTree = "<group>";
		};
/* End PBXVariantGroup section */

/* Begin XCBuildConfiguration section */
		20BF74511DCEC6F60074D394 /* Debug */ = {
			isa = XCBuildConfiguration;
			buildSettings = {
				ALWAYS_SEARCH_USER_PATHS = NO;
				CLANG_ANALYZER_NONNULL = YES;
				CLANG_CXX_LANGUAGE_STANDARD = "gnu++0x";
				CLANG_CXX_LIBRARY = "libc++";
				CLANG_ENABLE_MODULES = YES;
				CLANG_ENABLE_OBJC_ARC = YES;
				CLANG_WARN_BOOL_CONVERSION = YES;
				CLANG_WARN_CONSTANT_CONVERSION = YES;
				CLANG_WARN_DIRECT_OBJC_ISA_USAGE = YES_ERROR;
				CLANG_WARN_DOCUMENTATION_COMMENTS = YES;
				CLANG_WARN_EMPTY_BODY = YES;
				CLANG_WARN_ENUM_CONVERSION = YES;
				CLANG_WARN_INFINITE_RECURSION = YES;
				CLANG_WARN_INT_CONVERSION = YES;
				CLANG_WARN_OBJC_ROOT_CLASS = YES_ERROR;
				CLANG_WARN_SUSPICIOUS_MOVES = YES;
				CLANG_WARN_UNREACHABLE_CODE = YES;
				CLANG_WARN__DUPLICATE_METHOD_MATCH = YES;
				"CODE_SIGN_IDENTITY[sdk=iphoneos*]" = "iPhone Developer";
				COPY_PHASE_STRIP = NO;
				DEBUG_INFORMATION_FORMAT = dwarf;
				ENABLE_STRICT_OBJC_MSGSEND = YES;
				ENABLE_TESTABILITY = YES;
				GCC_C_LANGUAGE_STANDARD = gnu99;
				GCC_DYNAMIC_NO_PIC = NO;
				GCC_NO_COMMON_BLOCKS = YES;
				GCC_OPTIMIZATION_LEVEL = 0;
				GCC_PREPROCESSOR_DEFINITIONS = (
					"DEBUG=1",
					"$(inherited)",
				);
				GCC_WARN_64_TO_32_BIT_CONVERSION = YES;
				GCC_WARN_ABOUT_RETURN_TYPE = YES_ERROR;
				GCC_WARN_UNDECLARED_SELECTOR = YES;
				GCC_WARN_UNINITIALIZED_AUTOS = YES_AGGRESSIVE;
				GCC_WARN_UNUSED_FUNCTION = YES;
				GCC_WARN_UNUSED_VARIABLE = YES;
				IPHONEOS_DEPLOYMENT_TARGET = 10.0;
				MTL_ENABLE_DEBUG_INFO = YES;
				ONLY_ACTIVE_ARCH = YES;
				SDKROOT = iphoneos;
			};
			name = Debug;
		};
		20BF74521DCEC6F60074D394 /* Release */ = {
			isa = XCBuildConfiguration;
			buildSettings = {
				ALWAYS_SEARCH_USER_PATHS = NO;
				CLANG_ANALYZER_NONNULL = YES;
				CLANG_CXX_LANGUAGE_STANDARD = "gnu++0x";
				CLANG_CXX_LIBRARY = "libc++";
				CLANG_ENABLE_MODULES = YES;
				CLANG_ENABLE_OBJC_ARC = YES;
				CLANG_WARN_BOOL_CONVERSION = YES;
				CLANG_WARN_CONSTANT_CONVERSION = YES;
				CLANG_WARN_DIRECT_OBJC_ISA_USAGE = YES_ERROR;
				CLANG_WARN_DOCUMENTATION_COMMENTS = YES;
				CLANG_WARN_EMPTY_BODY = YES;
				CLANG_WARN_ENUM_CONVERSION = YES;
				CLANG_WARN_INFINITE_RECURSION = YES;
				CLANG_WARN_INT_CONVERSION = YES;
				CLANG_WARN_OBJC_ROOT_CLASS = YES_ERROR;
				CLANG_WARN_SUSPICIOUS_MOVES = YES;
				CLANG_WARN_UNREACHABLE_CODE = YES;
				CLANG_WARN__DUPLICATE_METHOD_MATCH = YES;
				"CODE_SIGN_IDENTITY[sdk=iphoneos*]" = "iPhone Developer";
				COPY_PHASE_STRIP = NO;
				DEBUG_INFORMATION_FORMAT = "dwarf-with-dsym";
				ENABLE_NS_ASSERTIONS = NO;
				ENABLE_STRICT_OBJC_MSGSEND = YES;
				GCC_C_LANGUAGE_STANDARD = gnu99;
				GCC_NO_COMMON_BLOCKS = YES;
				GCC_WARN_64_TO_32_BIT_CONVERSION = YES;
				GCC_WARN_ABOUT_RETURN_TYPE = YES_ERROR;
				GCC_WARN_UNDECLARED_SELECTOR = YES;
				GCC_WARN_UNINITIALIZED_AUTOS = YES_AGGRESSIVE;
				GCC_WARN_UNUSED_FUNCTION = YES;
				GCC_WARN_UNUSED_VARIABLE = YES;
				IPHONEOS_DEPLOYMENT_TARGET = 10.0;
				MTL_ENABLE_DEBUG_INFO = NO;
				SDKROOT = iphoneos;
				VALIDATE_PRODUCT = YES;
			};
			name = Release;
		};
		20BF74541DCEC6F60074D394 /* Debug */ = {
			isa = XCBuildConfiguration;
			buildSettings = {
				ASSETCATALOG_COMPILER_APPICON_NAME = AppIcon;
				INFOPLIST_FILE = yibuxiazaitupian/Info.plist;
				LD_RUNPATH_SEARCH_PATHS = "$(inherited) @executable_path/Frameworks";
				PRODUCT_BUNDLE_IDENTIFIER = cn.yahoo.yibuxiazaitupian;
				PRODUCT_NAME = "$(TARGET_NAME)";
			};
			name = Debug;
		};
		20BF74551DCEC6F60074D394 /* Release */ = {
			isa = XCBuildConfiguration;
			buildSettings = {
				ASSETCATALOG_COMPILER_APPICON_NAME = AppIcon;
				INFOPLIST_FILE = yibuxiazaitupian/Info.plist;
				LD_RUNPATH_SEARCH_PATHS = "$(inherited) @executable_path/Frameworks";
				PRODUCT_BUNDLE_IDENTIFIER = cn.yahoo.yibuxiazaitupian;
				PRODUCT_NAME = "$(TARGET_NAME)";
			};
			name = Release;
		};
/* End XCBuildConfiguration section */

/* Begin XCConfigurationList section */
		20BF74371DCEC6F60074D394 /* Build configuration list for PBXProject "yibuxiazaitupian" */ = {
			isa = XCConfigurationList;
			buildConfigurations = (
				20BF74511DCEC6F60074D394 /* Debug */,
				20BF74521DCEC6F60074D394 /* Release */,
			);
			defaultConfigurationIsVisible = 0;
			defaultConfigurationName = Release;
		};
		20BF74531DCEC6F60074D394 /* Build configuration list for PBXNativeTarget "yibuxiazaitupian" */ = {
			isa = XCConfigurationList;
			buildConfigurations = (
				20BF74541DCEC6F60074D394 /* Debug */,
				20BF74551DCEC6F60074D394 /* Release */,
			);
			defaultConfigurationIsVisible = 0;
			defaultConfigurationName = Release;
		};
/* End XCConfigurationList section */
	};
	rootObject = 20BF74341DCEC6F60074D394 /* Project object */;
}
